
Microsoft Visual Studio Solution File, Format Version 12.00
# Visual Studio Version 16
VisualStudioVersion = 16.0.29123.88
MinimumVisualStudioVersion = 10.0.40219.1
Project("{FAE04EC0-301F-11D3-BF4B-00C04F79EFBC}") = "API", "API\API.csproj", "{7846563B-C34D-4E09-93E7-611576245F98}"
EndProject
Project("{FAE04EC0-301F-11D3-BF4B-00C04F79EFBC}") = "WEB", "WEB\WEB.csproj", "{09AA9A26-7DFC-4F8C-ACB2-F3B120CF71C8}"
EndProject
Global
	GlobalSection(SolutionConfigurationPlatforms) = preSolution
		Debug|Any CPU = Debug|Any CPU
		Release|Any CPU = Release|Any CPU
	EndGlobalSection
	GlobalSection(ProjectConfigurationPlatforms) = postSolution
		{7846563B-C34D-4E09-93E7-611576245F98}.Debug|Any CPU.ActiveCfg = Debug|Any CPU
		{7846563B-C34D-4E09-93E7-611576245F98}.Debug|Any CPU.Build.0 = Debug|Any CPU
		{7846563B-C34D-4E09-93E7-611576245F98}.Release|Any CPU.ActiveCfg = Release|Any CPU
		{7846563B-C34D-4E09-93E7-611576245F98}.Release|Any CPU.Build.0 = Release|Any CPU
		{09AA9A26-7DFC-4F8C-ACB2-F3B120CF71C8}.Debug|Any CPU.ActiveCfg = Debug|Any CPU
		{09AA9A26-7DFC-4F8C-ACB2-F3B120CF71C8}.Debug|Any CPU.Build.0 = Debug|Any CPU
		{09AA9A26-7DFC-4F8C-ACB2-F3B120CF71C8}.Release|Any CPU.ActiveCfg = Release|Any CPU
		{09AA9A26-7DFC-4F8C-ACB2-F3B120CF71C8}.Release|Any CPU.Build.0 = Release|Any CPU
	EndGlobalSection
	GlobalSection(SolutionProperties) = preSolution
		HideSolutionNode = FALSE
	EndGlobalSection
	GlobalSection(ExtensibilityGlobals) = postSolution
		SolutionGuid = {A72A4DA5-3BAF-4F52-AD1B-EE5FBFFEA0A5}
	EndGlobalSection
EndGlobal
